
Microsoft Visual Studio Solution File, Format Version 12.00
# Visual Studio Version 16
VisualStudioVersion = 16.0.29020.237
MinimumVisualStudioVersion = 15.0.26124.0
Project("{9A19103F-16F7-4668-BE54-9A1E7A4F7556}") = "Mystique", "Mystique\Mystique.csproj", "{1A9E44EA-5EC2-4A36-BB44-196292DFE11F}"
EndProject
Project("{9A19103F-16F7-4668-BE54-9A1E7A4F7556}") = "DemoPlugin1", "DemoPlugin1\DemoPlugin1.csproj", "{C102ADC9-354B-46FA-A083-A8E01A56895A}"
EndProject
Project("{9A19103F-16F7-4668-BE54-9A1E7A4F7556}") = "Mystique.Core", "Mystique.Core\Mystique.Core.csproj", "{51262BFE-1E31-4317-A920-9F127C111712}"
EndProject
Project("{00D1A9C2-B5F0-4AF3-8072-F6C62B433612}") = "Mystique.Database", "Mystique.Database\Mystique.Database.sqlproj", "{6E246A60-A973-4C51-AC97-FF607D7CEC1B}"
EndProject
Project("{2150E333-8FDC-42A3-9474-1A3956D46DE8}") = "Solution Items", "Solution Items", "{93F71C5A-FEB8-4BDC-89C5-2382DE5B079E}"
	ProjectSection(SolutionItems) = preProject
		Nuget.Config = Nuget.Config
		TestPlugins\DemoPlugin1\plugin.json = TestPlugins\DemoPlugin1\plugin.json
	EndProjectSection
EndProject
Project("{9A19103F-16F7-4668-BE54-9A1E7A4F7556}") = "Mystique.Core.Mvc", "Mystique.Core.Mvc\Mystique.Core.Mvc.csproj", "{A4377E85-5F8B-4A2E-AE94-19616C646BA4}"
EndProject
Project("{2150E333-8FDC-42A3-9474-1A3956D46DE8}") = "Test", "Test", "{57DD977D-2DD6-4E55-A534-761CEAE9E723}"
EndProject
Project("{9A19103F-16F7-4668-BE54-9A1E7A4F7556}") = "Mystique.Core.Test", "Mystique.Core.Test\Mystique.Core.Test.csproj", "{EE6B3EED-B413-4632-A68D-94C4045EC213}"
EndProject
Project("{2150E333-8FDC-42A3-9474-1A3956D46DE8}") = "Demo", "Demo", "{28305C7A-F6FE-4EE4-AD0C-9C1BA1B5AC87}"
EndProject
Project("{9A19103F-16F7-4668-BE54-9A1E7A4F7556}") = "DemoReferenceLibrary", "DemoReferenceLibrary\DemoReferenceLibrary.csproj", "{769D3886-1411-4DA4-BB5C-A4A2B5A37645}"
EndProject
Project("{9A19103F-16F7-4668-BE54-9A1E7A4F7556}") = "DemoPlugin2", "DemoPlugin2\DemoPlugin2.csproj", "{0E46F881-151E-4F33-9D98-C4CE5DC08385}"
EndProject
Global
	GlobalSection(SolutionConfigurationPlatforms) = preSolution
		Debug|Any CPU = Debug|Any CPU
		Debug|x64 = Debug|x64
		Debug|x86 = Debug|x86
		Release|Any CPU = Release|Any CPU
		Release|x64 = Release|x64
		Release|x86 = Release|x86
	EndGlobalSection
	GlobalSection(ProjectConfigurationPlatforms) = postSolution
		{1A9E44EA-5EC2-4A36-BB44-196292DFE11F}.Debug|Any CPU.ActiveCfg = Debug|Any CPU
		{1A9E44EA-5EC2-4A36-BB44-196292DFE11F}.Debug|Any CPU.Build.0 = Debug|Any CPU
		{1A9E44EA-5EC2-4A36-BB44-196292DFE11F}.Debug|x64.ActiveCfg = Debug|Any CPU
		{1A9E44EA-5EC2-4A36-BB44-196292DFE11F}.Debug|x64.Build.0 = Debug|Any CPU
		{1A9E44EA-5EC2-4A36-BB44-196292DFE11F}.Debug|x86.ActiveCfg = Debug|Any CPU
		{1A9E44EA-5EC2-4A36-BB44-196292DFE11F}.Debug|x86.Build.0 = Debug|Any CPU
		{1A9E44EA-5EC2-4A36-BB44-196292DFE11F}.Release|Any CPU.ActiveCfg = Release|Any CPU
		{1A9E44EA-5EC2-4A36-BB44-196292DFE11F}.Release|Any CPU.Build.0 = Release|Any CPU
		{1A9E44EA-5EC2-4A36-BB44-196292DFE11F}.Release|x64.ActiveCfg = Release|Any CPU
		{1A9E44EA-5EC2-4A36-BB44-196292DFE11F}.Release|x64.Build.0 = Release|Any CPU
		{1A9E44EA-5EC2-4A36-BB44-196292DFE11F}.Release|x86.ActiveCfg = Release|Any CPU
		{1A9E44EA-5EC2-4A36-BB44-196292DFE11F}.Release|x86.Build.0 = Release|Any CPU
		{C102ADC9-354B-46FA-A083-A8E01A56895A}.Debug|Any CPU.ActiveCfg = Debug|Any CPU
		{C102ADC9-354B-46FA-A083-A8E01A56895A}.Debug|Any CPU.Build.0 = Debug|Any CPU
		{C102ADC9-354B-46FA-A083-A8E01A56895A}.Debug|x64.ActiveCfg = Debug|Any CPU
		{C102ADC9-354B-46FA-A083-A8E01A56895A}.Debug|x64.Build.0 = Debug|Any CPU
		{C102ADC9-354B-46FA-A083-A8E01A56895A}.Debug|x86.ActiveCfg = Debug|Any CPU
		{C102ADC9-354B-46FA-A083-A8E01A56895A}.Debug|x86.Build.0 = Debug|Any CPU
		{C102ADC9-354B-46FA-A083-A8E01A56895A}.Release|Any CPU.ActiveCfg = Release|Any CPU
		{C102ADC9-354B-46FA-A083-A8E01A56895A}.Release|Any CPU.Build.0 = Release|Any CPU
		{C102ADC9-354B-46FA-A083-A8E01A56895A}.Release|x64.ActiveCfg = Release|Any CPU
		{C102ADC9-354B-46FA-A083-A8E01A56895A}.Release|x64.Build.0 = Release|Any CPU
		{C102ADC9-354B-46FA-A083-A8E01A56895A}.Release|x86.ActiveCfg = Release|Any CPU
		{C102ADC9-354B-46FA-A083-A8E01A56895A}.Release|x86.Build.0 = Release|Any CPU
		{51262BFE-1E31-4317-A920-9F127C111712}.Debug|Any CPU.ActiveCfg = Debug|Any CPU
		{51262BFE-1E31-4317-A920-9F127C111712}.Debug|Any CPU.Build.0 = Debug|Any CPU
		{51262BFE-1E31-4317-A920-9F127C111712}.Debug|x64.ActiveCfg = Debug|Any CPU
		{51262BFE-1E31-4317-A920-9F127C111712}.Debug|x64.Build.0 = Debug|Any CPU
		{51262BFE-1E31-4317-A920-9F127C111712}.Debug|x86.ActiveCfg = Debug|Any CPU
		{51262BFE-1E31-4317-A920-9F127C111712}.Debug|x86.Build.0 = Debug|Any CPU
		{51262BFE-1E31-4317-A920-9F127C111712}.Release|Any CPU.ActiveCfg = Release|Any CPU
		{51262BFE-1E31-4317-A920-9F127C111712}.Release|Any CPU.Build.0 = Release|Any CPU
		{51262BFE-1E31-4317-A920-9F127C111712}.Release|x64.ActiveCfg = Release|Any CPU
		{51262BFE-1E31-4317-A920-9F127C111712}.Release|x64.Build.0 = Release|Any CPU
		{51262BFE-1E31-4317-A920-9F127C111712}.Release|x86.ActiveCfg = Release|Any CPU
		{51262BFE-1E31-4317-A920-9F127C111712}.Release|x86.Build.0 = Release|Any CPU
		{6E246A60-A973-4C51-AC97-FF607D7CEC1B}.Debug|Any CPU.ActiveCfg = Debug|Any CPU
		{6E246A60-A973-4C51-AC97-FF607D7CEC1B}.Debug|Any CPU.Build.0 = Debug|Any CPU
		{6E246A60-A973-4C51-AC97-FF607D7CEC1B}.Debug|Any CPU.Deploy.0 = Debug|Any CPU
		{6E246A60-A973-4C51-AC97-FF607D7CEC1B}.Debug|x64.ActiveCfg = Debug|Any CPU
		{6E246A60-A973-4C51-AC97-FF607D7CEC1B}.Debug|x64.Build.0 = Debug|Any CPU
		{6E246A60-A973-4C51-AC97-FF607D7CEC1B}.Debug|x64.Deploy.0 = Debug|Any CPU
		{6E246A60-A973-4C51-AC97-FF607D7CEC1B}.Debug|x86.ActiveCfg = Debug|Any CPU
		{6E246A60-A973-4C51-AC97-FF607D7CEC1B}.Debug|x86.Build.0 = Debug|Any CPU
		{6E246A60-A973-4C51-AC97-FF607D7CEC1B}.Debug|x86.Deploy.0 = Debug|Any CPU
		{6E246A60-A973-4C51-AC97-FF607D7CEC1B}.Release|Any CPU.ActiveCfg = Release|Any CPU
		{6E246A60-A973-4C51-AC97-FF607D7CEC1B}.Release|Any CPU.Build.0 = Release|Any CPU
		{6E246A60-A973-4C51-AC97-FF607D7CEC1B}.Release|Any CPU.Deploy.0 = Release|Any CPU
		{6E246A60-A973-4C51-AC97-FF607D7CEC1B}.Release|x64.ActiveCfg = Release|Any CPU
		{6E246A60-A973-4C51-AC97-FF607D7CEC1B}.Release|x64.Build.0 = Release|Any CPU
		{6E246A60-A973-4C51-AC97-FF607D7CEC1B}.Release|x64.Deploy.0 = Release|Any CPU
		{6E246A60-A973-4C51-AC97-FF607D7CEC1B}.Release|x86.ActiveCfg = Release|Any CPU
		{6E246A60-A973-4C51-AC97-FF607D7CEC1B}.Release|x86.Build.0 = Release|Any CPU
		{6E246A60-A973-4C51-AC97-FF607D7CEC1B}.Release|x86.Deploy.0 = Release|Any CPU
		{A4377E85-5F8B-4A2E-AE94-19616C646BA4}.Debug|Any CPU.ActiveCfg = Debug|Any CPU
		{A4377E85-5F8B-4A2E-AE94-19616C646BA4}.Debug|Any CPU.Build.0 = Debug|Any CPU
		{A4377E85-5F8B-4A2E-AE94-19616C646BA4}.Debug|x64.ActiveCfg = Debug|Any CPU
		{A4377E85-5F8B-4A2E-AE94-19616C646BA4}.Debug|x64.Build.0 = Debug|Any CPU
		{A4377E85-5F8B-4A2E-AE94-19616C646BA4}.Debug|x86.ActiveCfg = Debug|Any CPU
		{A4377E85-5F8B-4A2E-AE94-19616C646BA4}.Debug|x86.Build.0 = Debug|Any CPU
		{A4377E85-5F8B-4A2E-AE94-19616C646BA4}.Release|Any CPU.ActiveCfg = Release|Any CPU
		{A4377E85-5F8B-4A2E-AE94-19616C646BA4}.Release|Any CPU.Build.0 = Release|Any CPU
		{A4377E85-5F8B-4A2E-AE94-19616C646BA4}.Release|x64.ActiveCfg = Release|Any CPU
		{A4377E85-5F8B-4A2E-AE94-19616C646BA4}.Release|x64.Build.0 = Release|Any CPU
		{A4377E85-5F8B-4A2E-AE94-19616C646BA4}.Release|x86.ActiveCfg = Release|Any CPU
		{A4377E85-5F8B-4A2E-AE94-19616C646BA4}.Release|x86.Build.0 = Release|Any CPU
		{EE6B3EED-B413-4632-A68D-94C4045EC213}.Debug|Any CPU.ActiveCfg = Debug|Any CPU
		{EE6B3EED-B413-4632-A68D-94C4045EC213}.Debug|Any CPU.Build.0 = Debug|Any CPU
		{EE6B3EED-B413-4632-A68D-94C4045EC213}.Debug|x64.ActiveCfg = Debug|Any CPU
		{EE6B3EED-B413-4632-A68D-94C4045EC213}.Debug|x64.Build.0 = Debug|Any CPU
		{EE6B3EED-B413-4632-A68D-94C4045EC213}.Debug|x86.ActiveCfg = Debug|Any CPU
		{EE6B3EED-B413-4632-A68D-94C4045EC213}.Debug|x86.Build.0 = Debug|Any CPU
		{EE6B3EED-B413-4632-A68D-94C4045EC213}.Release|Any CPU.ActiveCfg = Release|Any CPU
		{EE6B3EED-B413-4632-A68D-94C4045EC213}.Release|Any CPU.Build.0 = Release|Any CPU
		{EE6B3EED-B413-4632-A68D-94C4045EC213}.Release|x64.ActiveCfg = Release|Any CPU
		{EE6B3EED-B413-4632-A68D-94C4045EC213}.Release|x64.Build.0 = Release|Any CPU
		{EE6B3EED-B413-4632-A68D-94C4045EC213}.Release|x86.ActiveCfg = Release|Any CPU
		{EE6B3EED-B413-4632-A68D-94C4045EC213}.Release|x86.Build.0 = Release|Any CPU
		{769D3886-1411-4DA4-BB5C-A4A2B5A37645}.Debug|Any CPU.ActiveCfg = Debug|Any CPU
		{769D3886-1411-4DA4-BB5C-A4A2B5A37645}.Debug|Any CPU.Build.0 = Debug|Any CPU
		{769D3886-1411-4DA4-BB5C-A4A2B5A37645}.Debug|x64.ActiveCfg = Debug|Any CPU
		{769D3886-1411-4DA4-BB5C-A4A2B5A37645}.Debug|x64.Build.0 = Debug|Any CPU
		{769D3886-1411-4DA4-BB5C-A4A2B5A37645}.Debug|x86.ActiveCfg = Debug|Any CPU
		{769D3886-1411-4DA4-BB5C-A4A2B5A37645}.Debug|x86.Build.0 = Debug|Any CPU
		{769D3886-1411-4DA4-BB5C-A4A2B5A37645}.Release|Any CPU.ActiveCfg = Release|Any CPU
		{769D3886-1411-4DA4-BB5C-A4A2B5A37645}.Release|Any CPU.Build.0 = Release|Any CPU
		{769D3886-1411-4DA4-BB5C-A4A2B5A37645}.Release|x64.ActiveCfg = Release|Any CPU
		{769D3886-1411-4DA4-BB5C-A4A2B5A37645}.Release|x64.Build.0 = Release|Any CPU
		{769D3886-1411-4DA4-BB5C-A4A2B5A37645}.Release|x86.ActiveCfg = Release|Any CPU
		{769D3886-1411-4DA4-BB5C-A4A2B5A37645}.Release|x86.Build.0 = Release|Any CPU
		{0E46F881-151E-4F33-9D98-C4CE5DC08385}.Debug|Any CPU.ActiveCfg = Debug|Any CPU
		{0E46F881-151E-4F33-9D98-C4CE5DC08385}.Debug|Any CPU.Build.0 = Debug|Any CPU
		{0E46F881-151E-4F33-9D98-C4CE5DC08385}.Debug|x64.ActiveCfg = Debug|Any CPU
		{0E46F881-151E-4F33-9D98-C4CE5DC08385}.Debug|x64.Build.0 = Debug|Any CPU
		{0E46F881-151E-4F33-9D98-C4CE5DC08385}.Debug|x86.ActiveCfg = Debug|Any CPU
		{0E46F881-151E-4F33-9D98-C4CE5DC08385}.Debug|x86.Build.0 = Debug|Any CPU
		{0E46F881-151E-4F33-9D98-C4CE5DC08385}.Release|Any CPU.ActiveCfg = Release|Any CPU
		{0E46F881-151E-4F33-9D98-C4CE5DC08385}.Release|Any CPU.Build.0 = Release|Any CPU
		{0E46F881-151E-4F33-9D98-C4CE5DC08385}.Release|x64.ActiveCfg = Release|Any CPU
		{0E46F881-151E-4F33-9D98-C4CE5DC08385}.Release|x64.Build.0 = Release|Any CPU
		{0E46F881-151E-4F33-9D98-C4CE5DC08385}.Release|x86.ActiveCfg = Release|Any CPU
		{0E46F881-151E-4F33-9D98-C4CE5DC08385}.Release|x86.Build.0 = Release|Any CPU
	EndGlobalSection
	GlobalSection(SolutionProperties) = preSolution
		HideSolutionNode = FALSE
	EndGlobalSection
	GlobalSection(NestedProjects) = preSolution
		{C102ADC9-354B-46FA-A083-A8E01A56895A} = {28305C7A-F6FE-4EE4-AD0C-9C1BA1B5AC87}
		{EE6B3EED-B413-4632-A68D-94C4045EC213} = {57DD977D-2DD6-4E55-A534-761CEAE9E723}
		{769D3886-1411-4DA4-BB5C-A4A2B5A37645} = {28305C7A-F6FE-4EE4-AD0C-9C1BA1B5AC87}
		{0E46F881-151E-4F33-9D98-C4CE5DC08385} = {28305C7A-F6FE-4EE4-AD0C-9C1BA1B5AC87}
	EndGlobalSection
	GlobalSection(ExtensibilityGlobals) = postSolution
		SolutionGuid = {01E2A57E-2BFE-40F9-9501-D2AA53FC1170}
	EndGlobalSection
EndGlobal
